PODS:
  - Alamofire (4.7.3)
  - Nimble (7.1.1)
  - SwiftyJSON (3.1.4)

DEPENDENCIES:
  - Alamofire (~> 4.7.2)
  - Nimble (~> 7.1.1)
  - SwiftyJSON (~> 3.1)

SPEC REPOS:
  trunk:
    - Alamofire
    - Nimble
    - SwiftyJSON

SPEC CHECKSUMS:
  Alamofire: c7287b6e5d7da964a70935e5db17046b7fde6568
  Nimble: 391f07782af4b37914f9bd7b2ffbb952731b8202
  SwiftyJSON: c2842d878f95482ffceec5709abc3d05680c0220

PODFILE CHECKSUM: 9e8f769c744ade873c29c2984ba774d8284e3f9b

COCOAPODS: 1.8.4
